// !$*UTF8*$!
{
	archiveVersion = 1;
	classes = {
	};
	objectVersion = 50;
	objects = {

/* Begin PBXBuildFile section */
		352A67AB20D1B72500D5BF05 /* AboutViewController.swift in Sources */ = {isa = PBXBuildFile; fileRef = 352A67AA20D1B72500D5BF05 /* AboutViewController.swift */; };
		AE07ED22248E560D00C04ECB /* BullsEye.html in Resources */ = {isa = PBXBuildFile; fileRef = 352A67AE20D1CA7A00D5BF05 /* BullsEye.html */; };
		AE0A1960248CB2CD007EDD32 /* AppDelegate.swift in Sources */ = {isa = PBXBuildFile; fileRef = AE0A195F248CB2CD007EDD32 /* AppDelegate.swift */; };
		AE0A1962248CB2CD007EDD32 /* SceneDelegate.swift in Sources */ = {isa = PBXBuildFile; fileRef = AE0A1961248CB2CD007EDD32 /* SceneDelegate.swift */; };
		AE0A1964248CB2CD007EDD32 /* ViewController.swift in Sources */ = {isa = PBXBuildFile; fileRef = AE0A1963248CB2CD007EDD32 /* ViewController.swift */; };
		AE0A1967248CB2CD007EDD32 /* Main.storyboard in Resources */ = {isa = PBXBuildFile; fileRef = AE0A1965248CB2CD007EDD32 /* Main.storyboard */; };
		AE0A1969248CB2CE007EDD32 /* Assets.xcassets in Resources */ = {isa = PBXBuildFile; fileRef = AE0A1968248CB2CE007EDD32 /* Assets.xcassets */; };
		AE0A196C248CB2CE007EDD32 /* LaunchScreen.storyboard in Resources */ = {isa = PBXBuildFile; fileRef = AE0A196A248CB2CE007EDD32 /* LaunchScreen.storyboard */; };
		AE0A1974248DD86E007EDD32 /* BullsEyeGame.swift in Sources */ = {isa = PBXBuildFile; fileRef = AE0A1973248DD86E007EDD32 /* BullsEyeGame.swift */; };
		AE0A1976248DD894007EDD32 /* Round.swift in Sources */ = {isa = PBXBuildFile; fileRef = AE0A1975248DD894007EDD32 /* Round.swift */; };
/* End PBXBuildFile section */

/* Begin PBXFileReference section */
		352A67AA20D1B72500D5BF05 /* AboutViewController.swift */ = {isa = PBXFileReference; lastKnownFileType = sourcecode.swift; path = AboutViewController.swift; sourceTree = "<group>"; };
		352A67AE20D1CA7A00D5BF05 /* BullsEye.html */ = {isa = PBXFileReference; fileEncoding = 4; lastKnownFileType = text.html; path = BullsEye.html; sourceTree = "<group>"; };
		AE0A195C248CB2CD007EDD32 /* RevBullsEye.app */ = {isa = PBXFileReference; explicitFileType = wrapper.application; includeInIndex = 0; path = RevBullsEye.app; sourceTree = BUILT_PRODUCTS_DIR; };
		AE0A195F248CB2CD007EDD32 /* AppDelegate.swift */ = {isa = PBXFileReference; lastKnownFileType = sourcecode.swift; path = AppDelegate.swift; sourceTree = "<group>"; };
		AE0A1961248CB2CD007EDD32 /* SceneDelegate.swift */ = {isa = PBXFileReference; lastKnownFileType = sourcecode.swift; path = SceneDelegate.swift; sourceTree = "<group>"; };
		AE0A1963248CB2CD007EDD32 /* ViewController.swift */ = {isa = PBXFileReference; lastKnownFileType = sourcecode.swift; path = ViewController.swift; sourceTree = "<group>"; };
		AE0A1966248CB2CD007EDD32 /* Base */ = {isa = PBXFileReference; lastKnownFileType = file.storyboard; name = Base; path = Base.lproj/Main.storyboard; sourceTree = "<group>"; };
		AE0A1968248CB2CE007EDD32 /* Assets.xcassets */ = {isa = PBXFileReference; lastKnownFileType = folder.assetcatalog; path = Assets.xcassets; sourceTree = "<group>"; };
		AE0A196B248CB2CE007EDD32 /* Base */ = {isa = PBXFileReference; lastKnownFileType = file.storyboard; name = Base; path = Base.lproj/LaunchScreen.storyboard; sourceTree = "<group>"; };
		AE0A196D248CB2CE007EDD32 /* Info.plist */ = {isa = PBXFileReference; lastKnownFileType = text.plist.xml; path = Info.plist; sourceTree = "<group>"; };
		AE0A1973248DD86E007EDD32 /* BullsEyeGame.swift */ = {isa = PBXFileReference; lastKnownFileType = sourcecode.swift; path = BullsEyeGame.swift; sourceTree = "<group>"; };
		AE0A1975248DD894007EDD32 /* Round.swift */ = {isa = PBXFileReference; lastKnownFileType = sourcecode.swift; path = Round.swift; sourceTree = "<group>"; };
		E1C7066F2475899500C6615E /* WebKit.framework */ = {isa = PBXFileReference; lastKnownFileType = wrapper.framework; name = WebKit.framework; path = System/Library/Frameworks/WebKit.framework; sourceTree = SDKROOT; };
/* End PBXFileReference section */

/* Begin PBXFrameworksBuildPhase section */
		AE0A1959248CB2CD007EDD32 /* Frameworks */ = {
			isa = PBXFrameworksBuildPhase;
			buildActionMask = 2147483647;
			files = (
			);
			runOnlyForDeploymentPostprocessing = 0;
		};
/* End PBXFrameworksBuildPhase section */

/* Begin PBXGroup section */
		AE0A1953248CB2CD007EDD32 = {
			isa = PBXGroup;
			children = (
				AE0A195E248CB2CD007EDD32 /* RevBullsEye */,
				AE0A195D248CB2CD007EDD32 /* Products */,
				E1C7066E2475899500C6615E /* Frameworks */,
			);
			sourceTree = "<group>";
		};
		AE0A195D248CB2CD007EDD32 /* Products */ = {
			isa = PBXGroup;
			children = (
				AE0A195C248CB2CD007EDD32 /* RevBullsEye.app */,
			);
			name = Products;
			sourceTree = "<group>";
		};
		AE0A195E248CB2CD007EDD32 /* RevBullsEye */ = {
			isa = PBXGroup;
			children = (
				AE0A195F248CB2CD007EDD32 /* AppDelegate.swift */,
				AE0A1961248CB2CD007EDD32 /* SceneDelegate.swift */,
				AE0A1963248CB2CD007EDD32 /* ViewController.swift */,
				AE0A1965248CB2CD007EDD32 /* Main.storyboard */,
				352A67AA20D1B72500D5BF05 /* AboutViewController.swift */,
				AE0A1968248CB2CE007EDD32 /* Assets.xcassets */,
				AE0A196A248CB2CE007EDD32 /* LaunchScreen.storyboard */,
				AE0A196D248CB2CE007EDD32 /* Info.plist */,
				352A67AE20D1CA7A00D5BF05 /* BullsEye.html */,
				AE0A1973248DD86E007EDD32 /* BullsEyeGame.swift */,
				AE0A1975248DD894007EDD32 /* Round.swift */,
			);
			path = RevBullsEye;
			sourceTree = "<group>";
		};
		E1C7066E2475899500C6615E /* Frameworks */ = {
			isa = PBXGroup;
			children = (
				E1C7066F2475899500C6615E /* WebKit.framework */,
			);
			name = Frameworks;
			sourceTree = "<group>";
		};
/* End PBXGroup section */

/* Begin PBXNativeTarget section */
		AE0A195B248CB2CD007EDD32 /* RevBullsEye */ = {
			isa = PBXNativeTarget;
			buildConfigurationList = AE0A1970248CB2CE007EDD32 /* Build configuration list for PBXNativeTarget "RevBullsEye" */;
			buildPhases = (
				AE0A1958248CB2CD007EDD32 /* Sources */,
				AE0A1959248CB2CD007EDD32 /* Frameworks */,
				AE0A195A248CB2CD007EDD32 /* Resources */,
			);
			buildRules = (
			);
			dependencies = (
			);
			name = RevBullsEye;
			productName = RevBullsEye;
			productReference = AE0A195C248CB2CD007EDD32 /* RevBullsEye.app */;
			productType = "com.apple.product-type.application";
		};
/* End PBXNativeTarget section */

/* Begin PBXProject section */
		AE0A1954248CB2CD007EDD32 /* Project object */ = {
			isa = PBXProject;
			attributes = {
				LastSwiftUpdateCheck = 1130;
				LastUpgradeCheck = 1130;
				ORGANIZATIONNAME = "Michael Page";
				TargetAttributes = {
					AE0A195B248CB2CD007EDD32 = {
						CreatedOnToolsVersion = 11.3.1;
					};
				};
			};
			buildConfigurationList = AE0A1957248CB2CD007EDD32 /* Build configuration list for PBXProject "RevBullsEye" */;
			compatibilityVersion = "Xcode 9.3";
			developmentRegion = en;
			hasScannedForEncodings = 0;
			knownRegions = (
				en,
				Base,
			);
			mainGroup = AE0A1953248CB2CD007EDD32;
			productRefGroup = AE0A195D248CB2CD007EDD32 /* Products */;
			projectDirPath = "";
			projectRoot = "";
			targets = (
				AE0A195B248CB2CD007EDD32 /* RevBullsEye */,
			);
		};
/* End PBXProject section */

/* Begin PBXResourcesBuildPhase section */
		AE0A195A248CB2CD007EDD32 /* Resources */ = {
			isa = PBXResourcesBuildPhase;
			buildActionMask = 2147483647;
			files = (
				AE07ED22248E560D00C04ECB /* BullsEye.html in Resources */,
				AE0A196C248CB2CE007EDD32 /* LaunchScreen.storyboard in Resources */,
				AE0A1969248CB2CE007EDD32 /* Assets.xcassets in Resources */,
				AE0A1967248CB2CD007EDD32 /* Main.storyboard in Resources */,
			);
			runOnlyForDeploymentPostprocessing = 0;
		};
/* End PBXResourcesBuildPhase section */

/* Begin PBXSourcesBuildPhase section */
		AE0A1958248CB2CD007EDD32 /* Sources */ = {
			isa = PBXSourcesBuildPhase;
			buildActionMask = 2147483647;
			files = (
				AE0A1974248DD86E007EDD32 /* BullsEyeGame.swift in Sources */,
				352A67AB20D1B72500D5BF05 /* AboutViewController.swift in Sources */,
				AE0A1964248CB2CD007EDD32 /* ViewController.swift in Sources */,
				AE0A1960248CB2CD007EDD32 /* AppDelegate.swift in Sources */,
				AE0A1976248DD894007EDD32 /* Round.swift in Sources */,
				AE0A1962248CB2CD007EDD32 /* SceneDelegate.swift in Sources */,
			);
			runOnlyForDeploymentPostprocessing = 0;
		};
/* End PBXSourcesBuildPhase section */

/* Begin PBXVariantGroup section */
		AE0A1965248CB2CD007EDD32 /* Main.storyboard */ = {
			isa = PBXVariantGroup;
			children = (
				AE0A1966248CB2CD007EDD32 /* Base */,
			);
			name = Main.storyboard;
			sourceTree = "<group>";
		};
		AE0A196A248CB2CE007EDD32 /* LaunchScreen.storyboard */ = {
			isa = PBXVariantGroup;
			children = (
				AE0A196B248CB2CE007EDD32 /* Base */,
			);
			name = LaunchScreen.storyboard;
			sourceTree = "<group>";
		};
/* End PBXVariantGroup section */

/* Begin XCBuildConfiguration section */
		AE0A196E248CB2CE007EDD32 /* Debug */ = {
			isa = XCBuildConfiguration;
			buildSettings = {
				ALWAYS_SEARCH_USER_PATHS = NO;
				CLANG_ANALYZER_NONNULL = YES;
				CLANG_ANALYZER_NUMBER_OBJECT_CONVERSION = YES_AGGRESSIVE;
				CLANG_CXX_LANGUAGE_STANDARD = "gnu++14";
				CLANG_CXX_LIBRARY = "libc++";
				CLANG_ENABLE_MODULES = YES;
				CLANG_ENABLE_OBJC_ARC = YES;
				CLANG_ENABLE_OBJC_WEAK = YES;
				CLANG_WARN_BLOCK_CAPTURE_AUTORELEASING = YES;
				CLANG_WARN_BOOL_CONVERSION = YES;
				CLANG_WARN_COMMA = YES;
				CLANG_WARN_CONSTANT_CONVERSION = YES;
				CLANG_WARN_DEPRECATED_OBJC_IMPLEMENTATIONS = YES;
				CLANG_WARN_DIRECT_OBJC_ISA_USAGE = YES_ERROR;
				CLANG_WARN_DOCUMENTATION_COMMENTS = YES;
				CLANG_WARN_EMPTY_BODY = YES;
				CLANG_WARN_ENUM_CONVERSION = YES;
				CLANG_WARN_INFINITE_RECURSION = YES;
				CLANG_WARN_INT_CONVERSION = YES;
				CLANG_WARN_NON_LITERAL_NULL_CONVERSION = YES;
				CLANG_WARN_OBJC_IMPLICIT_RETAIN_SELF = YES;
				CLANG_WARN_OBJC_LITERAL_CONVERSION = YES;
				CLANG_WARN_OBJC_ROOT_CLASS = YES_ERROR;
				CLANG_WARN_RANGE_LOOP_ANALYSIS = YES;
				CLANG_WARN_STRICT_PROTOTYPES = YES;
				CLANG_WARN_SUSPICIOUS_MOVE = YES;
				CLANG_WARN_UNGUARDED_AVAILABILITY = YES_AGGRESSIVE;
				CLANG_WARN_UNREACHABLE_CODE = YES;
				CLANG_WARN__DUPLICATE_METHOD_MATCH = YES;
				COPY_PHASE_STRIP = NO;
				DEBUG_INFORMATION_FORMAT = dwarf;
				ENABLE_STRICT_OBJC_MSGSEND = YES;
				ENABLE_TESTABILITY = YES;
				GCC_C_LANGUAGE_STANDARD = gnu11;
				GCC_DYNAMIC_NO_PIC = NO;
				GCC_NO_COMMON_BLOCKS = YES;
				GCC_OPTIMIZATION_LEVEL = 0;
				GCC_PREPROCESSOR_DEFINITIONS = (
					"DEBUG=1",
					"$(inherited)",
				);
				GCC_WARN_64_TO_32_BIT_CONVERSION = YES;
				GCC_WARN_ABOUT_RETURN_TYPE = YES_ERROR;
				GCC_WARN_UNDECLARED_SELECTOR = YES;
				GCC_WARN_UNINITIALIZED_AUTOS = YES_AGGRESSIVE;
				GCC_WARN_UNUSED_FUNCTION = YES;
				GCC_WARN_UNUSED_VARIABLE = YES;
				IPHONEOS_DEPLOYMENT_TARGET = 13.2;
				MTL_ENABLE_DEBUG_INFO = INCLUDE_SOURCE;
				MTL_FAST_MATH = YES;
				ONLY_ACTIVE_ARCH = YES;
				SDKROOT = iphoneos;
				SWIFT_ACTIVE_COMPILATION_CONDITIONS = DEBUG;
				SWIFT_OPTIMIZATION_LEVEL = "-Onone";
			};
			name = Debug;
		};
		AE0A196F248CB2CE007EDD32 /* Release */ = {
			isa = XCBuildConfiguration;
			buildSettings = {
				ALWAYS_SEARCH_USER_PATHS = NO;
				CLANG_ANALYZER_NONNULL = YES;
				CLANG_ANALYZER_NUMBER_OBJECT_CONVERSION = YES_AGGRESSIVE;
				CLANG_CXX_LANGUAGE_STANDARD = "gnu++14";
				CLANG_CXX_LIBRARY = "libc++";
				CLANG_ENABLE_MODULES = YES;
				CLANG_ENABLE_OBJC_ARC = YES;
				CLANG_ENABLE_OBJC_WEAK = YES;
				CLANG_WARN_BLOCK_CAPTURE_AUTORELEASING = YES;
				CLANG_WARN_BOOL_CONVERSION = YES;
				CLANG_WARN_COMMA = YES;
				CLANG_WARN_CONSTANT_CONVERSION = YES;
				CLANG_WARN_DEPRECATED_OBJC_IMPLEMENTATIONS = YES;
				CLANG_WARN_DIRECT_OBJC_ISA_USAGE = YES_ERROR;
				CLANG_WARN_DOCUMENTATION_COMMENTS = YES;
				CLANG_WARN_EMPTY_BODY = YES;
				CLANG_WARN_ENUM_CONVERSION = YES;
				CLANG_WARN_INFINITE_RECURSION = YES;
				CLANG_WARN_INT_CONVERSION = YES;
				CLANG_WARN_NON_LITERAL_NULL_CONVERSION = YES;
				CLANG_WARN_OBJC_IMPLICIT_RETAIN_SELF = YES;
				CLANG_WARN_OBJC_LITERAL_CONVERSION = YES;
				CLANG_WARN_OBJC_ROOT_CLASS = YES_ERROR;
				CLANG_WARN_RANGE_LOOP_ANALYSIS = YES;
				CLANG_WARN_STRICT_PROTOTYPES = YES;
				CLANG_WARN_SUSPICIOUS_MOVE = YES;
				CLANG_WARN_UNGUARDED_AVAILABILITY = YES_AGGRESSIVE;
				CLANG_WARN_UNREACHABLE_CODE = YES;
				CLANG_WARN__DUPLICATE_METHOD_MATCH = YES;
				COPY_PHASE_STRIP = NO;
				DEBUG_INFORMATION_FORMAT = "dwarf-with-dsym";
				ENABLE_NS_ASSERTIONS = NO;
				ENABLE_STRICT_OBJC_MSGSEND = YES;
				GCC_C_LANGUAGE_STANDARD = gnu11;
				GCC_NO_COMMON_BLOCKS = YES;
				GCC_WARN_64_TO_32_BIT_CONVERSION = YES;
				GCC_WARN_ABOUT_RETURN_TYPE = YES_ERROR;
				GCC_WARN_UNDECLARED_SELECTOR = YES;
				GCC_WARN_UNINITIALIZED_AUTOS = YES_AGGRESSIVE;
				GCC_WARN_UNUSED_FUNCTION = YES;
				GCC_WARN_UNUSED_VARIABLE = YES;
				IPHONEOS_DEPLOYMENT_TARGET = 13.2;
				MTL_ENABLE_DEBUG_INFO = NO;
				MTL_FAST_MATH = YES;
				SDKROOT = iphoneos;
				SWIFT_COMPILATION_MODE = wholemodule;
				SWIFT_OPTIMIZATION_LEVEL = "-O";
				VALIDATE_PRODUCT = YES;
			};
			name = Release;
		};
		AE0A1971248CB2CE007EDD32 /* Debug */ = {
			isa = XCBuildConfiguration;
			buildSettings = {
				ASSETCATALOG_COMPILER_APPICON_NAME = AppIcon;
				CODE_SIGN_STYLE = Automatic;
				INFOPLIST_FILE = RevBullsEye/Info.plist;
				LD_RUNPATH_SEARCH_PATHS = (
					"$(inherited)",
					"@executable_path/Frameworks",
				);
				PRODUCT_BUNDLE_IDENTIFIER = com.itmichaelpage.RevBullsEye;
				PRODUCT_NAME = "$(TARGET_NAME)";
				SWIFT_VERSION = 5.0;
				TARGETED_DEVICE_FAMILY = "1,2";
			};
			name = Debug;
		};
		AE0A1972248CB2CE007EDD32 /* Release */ = {
			isa = XCBuildConfiguration;
			buildSettings = {
				ASSETCATALOG_COMPILER_APPICON_NAME = AppIcon;
				CODE_SIGN_STYLE = Automatic;
				INFOPLIST_FILE = RevBullsEye/Info.plist;
				LD_RUNPATH_SEARCH_PATHS = (
					"$(inherited)",
					"@executable_path/Frameworks",
				);
				PRODUCT_BUNDLE_IDENTIFIER = com.itmichaelpage.RevBullsEye;
				PRODUCT_NAME = "$(TARGET_NAME)";
				SWIFT_VERSION = 5.0;
				TARGETED_DEVICE_FAMILY = "1,2";
			};
			name = Release;
		};
/* End XCBuildConfiguration section */

/* Begin XCConfigurationList section */
		AE0A1957248CB2CD007EDD32 /* Build configuration list for PBXProject "RevBullsEye" */ = {
			isa = XCConfigurationList;
			buildConfigurations = (
				AE0A196E248CB2CE007EDD32 /* Debug */,
				AE0A196F248CB2CE007EDD32 /* Release */,
			);
			defaultConfigurationIsVisible = 0;
			defaultConfigurationName = Release;
		};
		AE0A1970248CB2CE007EDD32 /* Build configuration list for PBXNativeTarget "RevBullsEye" */ = {
			isa = XCConfigurationList;
			buildConfigurations = (
				AE0A1971248CB2CE007EDD32 /* Debug */,
				AE0A1972248CB2CE007EDD32 /* Release */,
			);
			defaultConfigurationIsVisible = 0;
			defaultConfigurationName = Release;
		};
/* End XCConfigurationList section */
	};
	rootObject = AE0A1954248CB2CD007EDD32 /* Project object */;
}
